Microsoft Visual Studio Solution File, Format Version 12.00
# Visual Studio Version 18
VisualStudioVersion = 18.3.11206.111
MinimumVisualStudioVersion = 10.0.40219.1
Project("{2150E333-8FDC-42A3-9474-1A3956D46DE8}") = "tests", "tests", "{02EA681E-C7D8-13C7-8484-4AC65E1B71E8}"
EndProject
Project("{2150E333-8FDC-42A3-9474-1A3956D46DE8}") = "sample", "sample", "{22F32445-AD68-45C7-A76D-8CCBDB7BA00E}"
EndProject
Project("{2150E333-8FDC-42A3-9474-1A3956D46DE8}") = "build", "build", "{39C15238-6D9F-4B39-8408-572532CF53BF}"
	ProjectSection(SolutionItems) = preProject
		.editorconfig = .editorconfig
		build\common.props = build\common.props
		build\version.props = build\version.props
	EndProjectSection
EndProject
Project("{2150E333-8FDC-42A3-9474-1A3956D46DE8}") = "src", "src", "{C95AD8C9-2D93-493A-BDE4-F1E2A9CCA8FF}"
EndProject
Project("{2150E333-8FDC-42A3-9474-1A3956D46DE8}") = "Infrastructures", "Infrastructures", "{7F420355-C5BD-56E5-4580-BDAA5D54161B}"
EndProject
Project("{FAE04EC0-301F-11D3-BF4B-00C04F79EFBC}") = "Aspdcs.Rtu.TcpClient", "src\Aspdcs.Rtu.TcpClient\Aspdcs.Rtu.TcpClient.csproj", "{AE219B8F-2C9D-6DCC-2FF1-5AD9A5A1B2CA}"
EndProject
Project("{FAE04EC0-301F-11D3-BF4B-00C04F79EFBC}") = "Aspdcs.Rtu.TcpServer", "src\Aspdcs.Rtu.TcpServer\Aspdcs.Rtu.TcpServer.csproj", "{705F179C-BF49-C4EA-4781-7A6C95F05A4C}"
EndProject
Project("{FAE04EC0-301F-11D3-BF4B-00C04F79EFBC}") = "Tcp", "sample\Tcp\Tcp.csproj", "{564896AE-1ED6-93CD-D848-ED982389378B}"
EndProject
Project("{FAE04EC0-301F-11D3-BF4B-00C04F79EFBC}") = "Aspdcs.Rtu", "src\Infrastructures\Aspdcs.Rtu\Aspdcs.Rtu.csproj", "{6D5F853D-4076-23AF-8D09-A112A16BE13D}"
EndProject
Project("{FAE04EC0-301F-11D3-BF4B-00C04F79EFBC}") = "Tcp", "tests\Tcp\Tcp.csproj", "{1112E296-F5B4-475E-B42C-ADDC33860CE1}"
EndProject
Project("{FAE04EC0-301F-11D3-BF4B-00C04F79EFBC}") = "Dlt645", "sample\Dlt645\Dlt645.csproj", "{076CBBC3-770D-7633-9944-666687589102}"
EndProject
Project("{FAE04EC0-301F-11D3-BF4B-00C04F79EFBC}") = "Aspdcs.Rtu.DLT645", "src\Aspdcs.Rtu.DLT645\Aspdcs.Rtu.DLT645.csproj", "{6D0A9B55-74C2-864B-59B7-534F3EDF8435}"
EndProject
Project("{FAE04EC0-301F-11D3-BF4B-00C04F79EFBC}") = "Dlt645", "tests\Dlt645\Dlt645.csproj", "{37B43C91-0B9A-3C60-43C6-ACE4CD0588D3}"
EndProject
Global
	GlobalSection(SolutionConfigurationPlatforms) = preSolution
		Debug|Any CPU = Debug|Any CPU
		Release|Any CPU = Release|Any CPU
	EndGlobalSection
	GlobalSection(ProjectConfigurationPlatforms) = postSolution
		{AE219B8F-2C9D-6DCC-2FF1-5AD9A5A1B2CA}.Debug|Any CPU.ActiveCfg = Debug|Any CPU
		{AE219B8F-2C9D-6DCC-2FF1-5AD9A5A1B2CA}.Debug|Any CPU.Build.0 = Debug|Any CPU
		{AE219B8F-2C9D-6DCC-2FF1-5AD9A5A1B2CA}.Release|Any CPU.ActiveCfg = Release|Any CPU
		{AE219B8F-2C9D-6DCC-2FF1-5AD9A5A1B2CA}.Release|Any CPU.Build.0 = Release|Any CPU
		{705F179C-BF49-C4EA-4781-7A6C95F05A4C}.Debug|Any CPU.ActiveCfg = Debug|Any CPU
		{705F179C-BF49-C4EA-4781-7A6C95F05A4C}.Debug|Any CPU.Build.0 = Debug|Any CPU
		{705F179C-BF49-C4EA-4781-7A6C95F05A4C}.Release|Any CPU.ActiveCfg = Release|Any CPU
		{705F179C-BF49-C4EA-4781-7A6C95F05A4C}.Release|Any CPU.Build.0 = Release|Any CPU
		{564896AE-1ED6-93CD-D848-ED982389378B}.Debug|Any CPU.ActiveCfg = Debug|Any CPU
		{564896AE-1ED6-93CD-D848-ED982389378B}.Debug|Any CPU.Build.0 = Debug|Any CPU
		{564896AE-1ED6-93CD-D848-ED982389378B}.Release|Any CPU.ActiveCfg = Release|Any CPU
		{564896AE-1ED6-93CD-D848-ED982389378B}.Release|Any CPU.Build.0 = Release|Any CPU
		{6D5F853D-4076-23AF-8D09-A112A16BE13D}.Debug|Any CPU.ActiveCfg = Debug|Any CPU
		{6D5F853D-4076-23AF-8D09-A112A16BE13D}.Debug|Any CPU.Build.0 = Debug|Any CPU
		{6D5F853D-4076-23AF-8D09-A112A16BE13D}.Release|Any CPU.ActiveCfg = Release|Any CPU
		{6D5F853D-4076-23AF-8D09-A112A16BE13D}.Release|Any CPU.Build.0 = Release|Any CPU
		{1112E296-F5B4-475E-B42C-ADDC33860CE1}.Debug|Any CPU.ActiveCfg = Debug|Any CPU
		{1112E296-F5B4-475E-B42C-ADDC33860CE1}.Debug|Any CPU.Build.0 = Debug|Any CPU
		{1112E296-F5B4-475E-B42C-ADDC33860CE1}.Release|Any CPU.ActiveCfg = Release|Any CPU
		{1112E296-F5B4-475E-B42C-ADDC33860CE1}.Release|Any CPU.Build.0 = Release|Any CPU
		{076CBBC3-770D-7633-9944-666687589102}.Debug|Any CPU.ActiveCfg = Debug|Any CPU
		{076CBBC3-770D-7633-9944-666687589102}.Debug|Any CPU.Build.0 = Debug|Any CPU
		{076CBBC3-770D-7633-9944-666687589102}.Release|Any CPU.ActiveCfg = Release|Any CPU
		{076CBBC3-770D-7633-9944-666687589102}.Release|Any CPU.Build.0 = Release|Any CPU
		{6D0A9B55-74C2-864B-59B7-534F3EDF8435}.Debug|Any CPU.ActiveCfg = Debug|Any CPU
		{6D0A9B55-74C2-864B-59B7-534F3EDF8435}.Debug|Any CPU.Build.0 = Debug|Any CPU
		{6D0A9B55-74C2-864B-59B7-534F3EDF8435}.Release|Any CPU.ActiveCfg = Release|Any CPU
		{6D0A9B55-74C2-864B-59B7-534F3EDF8435}.Release|Any CPU.Build.0 = Release|Any CPU
		{37B43C91-0B9A-3C60-43C6-ACE4CD0588D3}.Debug|Any CPU.ActiveCfg = Debug|Any CPU
		{37B43C91-0B9A-3C60-43C6-ACE4CD0588D3}.Debug|Any CPU.Build.0 = Debug|Any CPU
		{37B43C91-0B9A-3C60-43C6-ACE4CD0588D3}.Release|Any CPU.ActiveCfg = Release|Any CPU
		{37B43C91-0B9A-3C60-43C6-ACE4CD0588D3}.Release|Any CPU.Build.0 = Release|Any CPU
	EndGlobalSection
	GlobalSection(SolutionProperties) = preSolution
		HideSolutionNode = FALSE
	EndGlobalSection
	GlobalSection(NestedProjects) = preSolution
		{7F420355-C5BD-56E5-4580-BDAA5D54161B} = {C95AD8C9-2D93-493A-BDE4-F1E2A9CCA8FF}
		{AE219B8F-2C9D-6DCC-2FF1-5AD9A5A1B2CA} = {C95AD8C9-2D93-493A-BDE4-F1E2A9CCA8FF}
		{705F179C-BF49-C4EA-4781-7A6C95F05A4C} = {C95AD8C9-2D93-493A-BDE4-F1E2A9CCA8FF}
		{564896AE-1ED6-93CD-D848-ED982389378B} = {22F32445-AD68-45C7-A76D-8CCBDB7BA00E}
		{6D5F853D-4076-23AF-8D09-A112A16BE13D} = {7F420355-C5BD-56E5-4580-BDAA5D54161B}
		{1112E296-F5B4-475E-B42C-ADDC33860CE1} = {02EA681E-C7D8-13C7-8484-4AC65E1B71E8}
		{076CBBC3-770D-7633-9944-666687589102} = {22F32445-AD68-45C7-A76D-8CCBDB7BA00E}
		{6D0A9B55-74C2-864B-59B7-534F3EDF8435} = {C95AD8C9-2D93-493A-BDE4-F1E2A9CCA8FF}
		{37B43C91-0B9A-3C60-43C6-ACE4CD0588D3} = {02EA681E-C7D8-13C7-8484-4AC65E1B71E8}
	EndGlobalSection
	GlobalSection(ExtensibilityGlobals) = postSolution
		RESX_NeutralResourcesLanguage = zh-Hans
		RESX_Rules = {"EnabledRules":[]}
		SolutionGuid = {199B1B96-4F56-4828-9531-813BA02DB282}
	EndGlobalSection
EndGlobal
