Microsoft Visual Studio Solution File, Format Version 12.00
# Visual Studio Version 17
VisualStudioVersion = 17.9.34622.214
MinimumVisualStudioVersion = 10.0.40219.1
Project("{FAE04EC0-301F-11D3-BF4B-00C04F79EFBC}") = "BACnet", "RTU.BACNET\RTU.BACnet.csproj", "{250F8FBA-394F-34D0-28FF-B6A1706D6C5B}"
EndProject
Project("{2150E333-8FDC-42A3-9474-1A3956D46DE8}") = "example", "example", "{02EA681E-C7D8-13C7-8484-4AC65E1B71E8}"
EndProject
Project("{FAE04EC0-301F-11D3-BF4B-00C04F79EFBC}") = "BACnet.Example", "Example\BACnet.Example.csproj", "{A0FC842C-5103-E242-CA0E-06B13ABAA9ED}"
EndProject
Global
	GlobalSection(SolutionConfigurationPlatforms) = preSolution
		Debug|Any CPU = Debug|Any CPU
		Release|Any CPU = Release|Any CPU
	EndGlobalSection
	GlobalSection(ProjectConfigurationPlatforms) = postSolution
		{250F8FBA-394F-34D0-28FF-B6A1706D6C5B}.Debug|Any CPU.ActiveCfg = Debug|Any CPU
		{250F8FBA-394F-34D0-28FF-B6A1706D6C5B}.Debug|Any CPU.Build.0 = Debug|Any CPU
		{250F8FBA-394F-34D0-28FF-B6A1706D6C5B}.Release|Any CPU.ActiveCfg = Release|Any CPU
		{250F8FBA-394F-34D0-28FF-B6A1706D6C5B}.Release|Any CPU.Build.0 = Release|Any CPU
		{A0FC842C-5103-E242-CA0E-06B13ABAA9ED}.Debug|Any CPU.ActiveCfg = Debug|Any CPU
		{A0FC842C-5103-E242-CA0E-06B13ABAA9ED}.Debug|Any CPU.Build.0 = Debug|Any CPU
		{A0FC842C-5103-E242-CA0E-06B13ABAA9ED}.Release|Any CPU.ActiveCfg = Release|Any CPU
		{A0FC842C-5103-E242-CA0E-06B13ABAA9ED}.Release|Any CPU.Build.0 = Release|Any CPU
	EndGlobalSection
	GlobalSection(SolutionProperties) = preSolution
		HideSolutionNode = FALSE
	EndGlobalSection
	GlobalSection(NestedProjects) = preSolution
		{A0FC842C-5103-E242-CA0E-06B13ABAA9ED} = {02EA681E-C7D8-13C7-8484-4AC65E1B71E8}
	EndGlobalSection
	GlobalSection(ExtensibilityGlobals) = postSolution
		RESX_NeutralResourcesLanguage = zh-Hans
		RESX_Rules = {"EnabledRules":[]}
		SolutionGuid = {199B1B96-4F56-4828-9531-813BA02DB282}
	EndGlobalSection
EndGlobal
