Microsoft Visual Studio Solution File, Format Version 12.00
# Visual Studio Version 17
VisualStudioVersion = 17.9.34622.214
MinimumVisualStudioVersion = 10.0.40219.1
Project("{2150E333-8FDC-42A3-9474-1A3956D46DE8}") = "tests", "tests", "{02EA681E-C7D8-13C7-8484-4AC65E1B71E8}"
EndProject
Project("{FAE04EC0-301F-11D3-BF4B-00C04F79EFBC}") = "RTU.BACnet", "src\RTU\RTU.BACnet\RTU.BACnet.csproj", "{82ED2188-1216-66CE-9D1A-96D3B7E43953}"
EndProject
Project("{FAE04EC0-301F-11D3-BF4B-00C04F79EFBC}") = "RTU.TcpClient", "src\RTU\RTU.TcpClient\RTU.TcpClient.csproj", "{04656CAD-5941-C9FA-4207-01AB4BA339B0}"
EndProject
Project("{FAE04EC0-301F-11D3-BF4B-00C04F79EFBC}") = "RTU.TcpServer", "src\RTU\RTU.TcpServer\RTU.TcpServer.csproj", "{ADB9E055-6DCD-75E2-0B71-4F43C0CF9530}"
EndProject
Project("{FAE04EC0-301F-11D3-BF4B-00C04F79EFBC}") = "TcpTest", "src\Tests\TcpTest\TcpTest.csproj", "{CFD8C26E-2367-1118-9D28-CEDFED65D808}"
EndProject
Project("{2150E333-8FDC-42A3-9474-1A3956D46DE8}") = "sample", "sample", "{22F32445-AD68-45C7-A76D-8CCBDB7BA00E}"
EndProject
Project("{FAE04EC0-301F-11D3-BF4B-00C04F79EFBC}") = "Tcp", "src\Sample\Tcp\Tcp.csproj", "{78026674-75A0-5A15-D707-5318D12CD80B}"
EndProject
Project("{2150E333-8FDC-42A3-9474-1A3956D46DE8}") = "Infrastructures", "Infrastructures", "{DE940BA1-11F2-4498-B313-147BE2C24CCE}"
EndProject
Project("{2150E333-8FDC-42A3-9474-1A3956D46DE8}") = "build", "build", "{39C15238-6D9F-4B39-8408-572532CF53BF}"
	ProjectSection(SolutionItems) = preProject
		build\common.props = build\common.props
		build\version.props = build\version.props
	EndProjectSection
EndProject
Project("{2150E333-8FDC-42A3-9474-1A3956D46DE8}") = "src", "src", "{C95AD8C9-2D93-493A-BDE4-F1E2A9CCA8FF}"
EndProject
Project("{FAE04EC0-301F-11D3-BF4B-00C04F79EFBC}") = "RTU.Infrastructures", "src\RTU\Infrastructures\RTU.Infrastructures\RTU.Infrastructures.csproj", "{984FE16A-A63C-1A9C-EB6F-7AF5FF79F937}"
EndProject
Global
	GlobalSection(SolutionConfigurationPlatforms) = preSolution
		Debug|Any CPU = Debug|Any CPU
		Release|Any CPU = Release|Any CPU
	EndGlobalSection
	GlobalSection(ProjectConfigurationPlatforms) = postSolution
		{82ED2188-1216-66CE-9D1A-96D3B7E43953}.Debug|Any CPU.ActiveCfg = Debug|Any CPU
		{82ED2188-1216-66CE-9D1A-96D3B7E43953}.Debug|Any CPU.Build.0 = Debug|Any CPU
		{82ED2188-1216-66CE-9D1A-96D3B7E43953}.Release|Any CPU.ActiveCfg = Release|Any CPU
		{82ED2188-1216-66CE-9D1A-96D3B7E43953}.Release|Any CPU.Build.0 = Release|Any CPU
		{04656CAD-5941-C9FA-4207-01AB4BA339B0}.Debug|Any CPU.ActiveCfg = Debug|Any CPU
		{04656CAD-5941-C9FA-4207-01AB4BA339B0}.Debug|Any CPU.Build.0 = Debug|Any CPU
		{04656CAD-5941-C9FA-4207-01AB4BA339B0}.Release|Any CPU.ActiveCfg = Release|Any CPU
		{04656CAD-5941-C9FA-4207-01AB4BA339B0}.Release|Any CPU.Build.0 = Release|Any CPU
		{ADB9E055-6DCD-75E2-0B71-4F43C0CF9530}.Debug|Any CPU.ActiveCfg = Debug|Any CPU
		{ADB9E055-6DCD-75E2-0B71-4F43C0CF9530}.Debug|Any CPU.Build.0 = Debug|Any CPU
		{ADB9E055-6DCD-75E2-0B71-4F43C0CF9530}.Release|Any CPU.ActiveCfg = Release|Any CPU
		{ADB9E055-6DCD-75E2-0B71-4F43C0CF9530}.Release|Any CPU.Build.0 = Release|Any CPU
		{CFD8C26E-2367-1118-9D28-CEDFED65D808}.Debug|Any CPU.ActiveCfg = Debug|Any CPU
		{CFD8C26E-2367-1118-9D28-CEDFED65D808}.Debug|Any CPU.Build.0 = Debug|Any CPU
		{CFD8C26E-2367-1118-9D28-CEDFED65D808}.Release|Any CPU.ActiveCfg = Release|Any CPU
		{CFD8C26E-2367-1118-9D28-CEDFED65D808}.Release|Any CPU.Build.0 = Release|Any CPU
		{78026674-75A0-5A15-D707-5318D12CD80B}.Debug|Any CPU.ActiveCfg = Debug|Any CPU
		{78026674-75A0-5A15-D707-5318D12CD80B}.Debug|Any CPU.Build.0 = Debug|Any CPU
		{78026674-75A0-5A15-D707-5318D12CD80B}.Release|Any CPU.ActiveCfg = Release|Any CPU
		{78026674-75A0-5A15-D707-5318D12CD80B}.Release|Any CPU.Build.0 = Release|Any CPU
		{984FE16A-A63C-1A9C-EB6F-7AF5FF79F937}.Debug|Any CPU.ActiveCfg = Debug|Any CPU
		{984FE16A-A63C-1A9C-EB6F-7AF5FF79F937}.Debug|Any CPU.Build.0 = Debug|Any CPU
		{984FE16A-A63C-1A9C-EB6F-7AF5FF79F937}.Release|Any CPU.ActiveCfg = Release|Any CPU
		{984FE16A-A63C-1A9C-EB6F-7AF5FF79F937}.Release|Any CPU.Build.0 = Release|Any CPU
	EndGlobalSection
	GlobalSection(SolutionProperties) = preSolution
		HideSolutionNode = FALSE
	EndGlobalSection
	GlobalSection(NestedProjects) = preSolution
		{82ED2188-1216-66CE-9D1A-96D3B7E43953} = {C95AD8C9-2D93-493A-BDE4-F1E2A9CCA8FF}
		{04656CAD-5941-C9FA-4207-01AB4BA339B0} = {C95AD8C9-2D93-493A-BDE4-F1E2A9CCA8FF}
		{ADB9E055-6DCD-75E2-0B71-4F43C0CF9530} = {C95AD8C9-2D93-493A-BDE4-F1E2A9CCA8FF}
		{CFD8C26E-2367-1118-9D28-CEDFED65D808} = {02EA681E-C7D8-13C7-8484-4AC65E1B71E8}
		{78026674-75A0-5A15-D707-5318D12CD80B} = {22F32445-AD68-45C7-A76D-8CCBDB7BA00E}
		{DE940BA1-11F2-4498-B313-147BE2C24CCE} = {C95AD8C9-2D93-493A-BDE4-F1E2A9CCA8FF}
		{984FE16A-A63C-1A9C-EB6F-7AF5FF79F937} = {DE940BA1-11F2-4498-B313-147BE2C24CCE}
	EndGlobalSection
	GlobalSection(ExtensibilityGlobals) = postSolution
		RESX_NeutralResourcesLanguage = zh-Hans
		RESX_Rules = {"EnabledRules":[]}
		SolutionGuid = {199B1B96-4F56-4828-9531-813BA02DB282}
	EndGlobalSection
EndGlobal
